// !$*UTF8*$!
{
	archiveVersion = 1;
	classes = {
	};
	objectVersion = 50;
	objects = {

/* Begin PBXBuildFile section */
		841C56512340E4EF000B6D0E /* ArtPaintingFilter.swift in Sources */ = {isa = PBXBuildFile; fileRef = 841C56502340E4EF000B6D0E /* ArtPaintingFilter.swift */; };
		841C56532340E646000B6D0E /* ArtModel+AsNertorworkModel.swift in Sources */ = {isa = PBXBuildFile; fileRef = 841C56522340E646000B6D0E /* ArtModel+AsNertorworkModel.swift */; };
		841C56572340F7D5000B6D0E /* ArtPaintingFilterSpecs.swift in Sources */ = {isa = PBXBuildFile; fileRef = 841C56562340F7D5000B6D0E /* ArtPaintingFilterSpecs.swift */; };
		841C565923413295000B6D0E /* ViewConfigurable.swift in Sources */ = {isa = PBXBuildFile; fileRef = 841C565823413295000B6D0E /* ViewConfigurable.swift */; };
		8421FCA4232D5F2E00AD1FD6 /* ArtModelNetwork.swift in Sources */ = {isa = PBXBuildFile; fileRef = 8421FCA3232D5F2E00AD1FD6 /* ArtModelNetwork.swift */; };
		84531145232558E1003B8236 /* RetrieveArtWebServiceMock.swift in Sources */ = {isa = PBXBuildFile; fileRef = 84531144232558E1003B8236 /* RetrieveArtWebServiceMock.swift */; };
		845311482325593C003B8236 /* ArtModel+Equatable.swift in Sources */ = {isa = PBXBuildFile; fileRef = 845311472325593B003B8236 /* ArtModel+Equatable.swift */; };
		8453114A23258AA2003B8236 /* ArtModel+EquatableSpecs.swift in Sources */ = {isa = PBXBuildFile; fileRef = 8453114923258AA2003B8236 /* ArtModel+EquatableSpecs.swift */; };
		8453114C2326861E003B8236 /* ArtModelStubFactory.swift in Sources */ = {isa = PBXBuildFile; fileRef = 8453114B2326861E003B8236 /* ArtModelStubFactory.swift */; };
		8486E16C230A218900155A83 /* SearchAssembler.swift in Sources */ = {isa = PBXBuildFile; fileRef = 8486E16B230A218900155A83 /* SearchAssembler.swift */; };
		8486E16E230A220A00155A83 /* SearchViewController.swift in Sources */ = {isa = PBXBuildFile; fileRef = 8486E16D230A220A00155A83 /* SearchViewController.swift */; };
		8486E170230A225500155A83 /* SearchRouter.swift in Sources */ = {isa = PBXBuildFile; fileRef = 8486E16F230A225500155A83 /* SearchRouter.swift */; };
		8486E172230A22D200155A83 /* SearchPresenter.swift in Sources */ = {isa = PBXBuildFile; fileRef = 8486E171230A22D200155A83 /* SearchPresenter.swift */; };
		8486E174230B639D00155A83 /* ViewOutput.swift in Sources */ = {isa = PBXBuildFile; fileRef = 8486E173230B639D00155A83 /* ViewOutput.swift */; };
		8486E177230B6A8D00155A83 /* SearchHeaderCell.swift in Sources */ = {isa = PBXBuildFile; fileRef = 8486E176230B6A8D00155A83 /* SearchHeaderCell.swift */; };
		8486E17A230F55C400155A83 /* SearchResultCell+ViewModel.swift in Sources */ = {isa = PBXBuildFile; fileRef = 8486E179230F55C400155A83 /* SearchResultCell+ViewModel.swift */; };
		8486E17D230F57E500155A83 /* OpenSans-Bold.ttf in Resources */ = {isa = PBXBuildFile; fileRef = FEA7FC2A2306F3D50098664E /* OpenSans-Bold.ttf */; };
		8486E17E230F57E700155A83 /* OpenSans-ExtraBold.ttf in Resources */ = {isa = PBXBuildFile; fileRef = FEA7FC2D2306F3D50098664E /* OpenSans-ExtraBold.ttf */; };
		8486E17F230F57EA00155A83 /* OpenSans-Regular.ttf in Resources */ = {isa = PBXBuildFile; fileRef = FEA7FC2C2306F3D50098664E /* OpenSans-Regular.ttf */; };
		8486E180230F57EC00155A83 /* OpenSans-SemiBold.ttf in Resources */ = {isa = PBXBuildFile; fileRef = FEA7FC2B2306F3D50098664E /* OpenSans-SemiBold.ttf */; };
		8486E182230F582800155A83 /* FontsWorkAround.xib in Resources */ = {isa = PBXBuildFile; fileRef = 8486E181230F582800155A83 /* FontsWorkAround.xib */; };
		8486E1852311BFC000155A83 /* ArtDetailsView+ViewModel.swift in Sources */ = {isa = PBXBuildFile; fileRef = 8486E1842311BFC000155A83 /* ArtDetailsView+ViewModel.swift */; };
		8486E18723135A0100155A83 /* ArtSearchResultsModel.swift in Sources */ = {isa = PBXBuildFile; fileRef = 8486E18623135A0100155A83 /* ArtSearchResultsModel.swift */; };
		84A10E252306321B00A1BDF6 /* AppDelegate.swift in Sources */ = {isa = PBXBuildFile; fileRef = 84A10E242306321B00A1BDF6 /* AppDelegate.swift */; };
		84A10E2C2306321D00A1BDF6 /* Assets.xcassets in Resources */ = {isa = PBXBuildFile; fileRef = 84A10E2B2306321D00A1BDF6 /* Assets.xcassets */; };
		84A10E2F2306321D00A1BDF6 /* LaunchScreen.storyboard in Resources */ = {isa = PBXBuildFile; fileRef = 84A10E2D2306321D00A1BDF6 /* LaunchScreen.storyboard */; };
		84A10E3A2306321D00A1BDF6 /* the_artist_iosTests.swift in Sources */ = {isa = PBXBuildFile; fileRef = 84A10E392306321D00A1BDF6 /* the_artist_iosTests.swift */; };
		84A10E452306321D00A1BDF6 /* the_artist_iosUITests.swift in Sources */ = {isa = PBXBuildFile; fileRef = 84A10E442306321D00A1BDF6 /* the_artist_iosUITests.swift */; };
		84A10E552306375000A1BDF6 /* WelcomeAssembler.swift in Sources */ = {isa = PBXBuildFile; fileRef = 84A10E542306375000A1BDF6 /* WelcomeAssembler.swift */; };
		84A10E572306390400A1BDF6 /* WelcomeRouter.swift in Sources */ = {isa = PBXBuildFile; fileRef = 84A10E562306390400A1BDF6 /* WelcomeRouter.swift */; };
		84A10E592306393100A1BDF6 /* WelcomePresenter.swift in Sources */ = {isa = PBXBuildFile; fileRef = 84A10E582306393100A1BDF6 /* WelcomePresenter.swift */; };
		84A10E5B230639B200A1BDF6 /* WelcomeViewController.swift in Sources */ = {isa = PBXBuildFile; fileRef = 84A10E5A230639B200A1BDF6 /* WelcomeViewController.swift */; };
		84A6B268231DFF8F00A7F2BE /* ApplicationError.swift in Sources */ = {isa = PBXBuildFile; fileRef = 84A6B267231DFF8F00A7F2BE /* ApplicationError.swift */; };
		84A6B26D231E00A300A7F2BE /* RecoverArtUseCasesSpecs.swift in Sources */ = {isa = PBXBuildFile; fileRef = 84A6B26C231E00A300A7F2BE /* RecoverArtUseCasesSpecs.swift */; };
		84BEA899232B27850047DB9A /* ArtSearchResultsModelNetwork.swift in Sources */ = {isa = PBXBuildFile; fileRef = 84BEA898232B27850047DB9A /* ArtSearchResultsModelNetwork.swift */; };
		FE336E5B231412C1001A5482 /* RecoverArtUseCases.swift in Sources */ = {isa = PBXBuildFile; fileRef = FE336E5A231412C1001A5482 /* RecoverArtUseCases.swift */; };
		FE356E90230EC64C00FA5392 /* SearchResultCell.swift in Sources */ = {isa = PBXBuildFile; fileRef = FE356E8F230EC64C00FA5392 /* SearchResultCell.swift */; };
		FE356E9323102A3000FA5392 /* ReusableIdentifier.swift in Sources */ = {isa = PBXBuildFile; fileRef = FE356E9223102A3000FA5392 /* ReusableIdentifier.swift */; };
		FE356E9623102AAD00FA5392 /* UITextField+SetSidePaddingPoints.swift in Sources */ = {isa = PBXBuildFile; fileRef = FE356E9523102AAD00FA5392 /* UITextField+SetSidePaddingPoints.swift */; };
		FE356E99231041A300FA5392 /* ArtModel.swift in Sources */ = {isa = PBXBuildFile; fileRef = FE356E98231041A300FA5392 /* ArtModel.swift */; };
		FE356E9F2310611D00FA5392 /* Request.swift in Sources */ = {isa = PBXBuildFile; fileRef = FE356E9E2310611D00FA5392 /* Request.swift */; };
		FE356EA1231066E500FA5392 /* RequestBuilder.swift in Sources */ = {isa = PBXBuildFile; fileRef = FE356EA0231066E400FA5392 /* RequestBuilder.swift */; };
		FE356EA42310673800FA5392 /* APIActionable.swift in Sources */ = {isa = PBXBuildFile; fileRef = FE356EA32310673800FA5392 /* APIActionable.swift */; };
		FE356EA62310675800FA5392 /* APIConfiguration.swift in Sources */ = {isa = PBXBuildFile; fileRef = FE356EA52310675800FA5392 /* APIConfiguration.swift */; };
		FE356EA82310676B00FA5392 /* SearchWebService.swift in Sources */ = {isa = PBXBuildFile; fileRef = FE356EA72310676B00FA5392 /* SearchWebService.swift */; };
		FE356EAA2310677300FA5392 /* RequestExecuter.swift in Sources */ = {isa = PBXBuildFile; fileRef = FE356EA92310677300FA5392 /* RequestExecuter.swift */; };
		FE356EAC23106AB800FA5392 /* WebServiceFactory.swift in Sources */ = {isa = PBXBuildFile; fileRef = FE356EAB23106AB800FA5392 /* WebServiceFactory.swift */; };
		FE356EAF2310744700FA5392 /* RetrieveArtWebService.swift in Sources */ = {isa = PBXBuildFile; fileRef = FE356EAE2310744700FA5392 /* RetrieveArtWebService.swift */; };
		FE356EB2231079BA00FA5392 /* AlamofireRequestExecuter.swift in Sources */ = {isa = PBXBuildFile; fileRef = FE356EB1231079BA00FA5392 /* AlamofireRequestExecuter.swift */; };
		FE356EB6231084D500FA5392 /* SearchArtUseCases.swift in Sources */ = {isa = PBXBuildFile; fileRef = FE356EB5231084D500FA5392 /* SearchArtUseCases.swift */; };
		FE4F3E032306DB8B0064DE1A /* AppStartupRouter.swift in Sources */ = {isa = PBXBuildFile; fileRef = FE4F3E022306DB8B0064DE1A /* AppStartupRouter.swift */; };
		FE4F3E052306E0FC0064DE1A /* WelcomeView.swift in Sources */ = {isa = PBXBuildFile; fileRef = FE4F3E042306E0FC0064DE1A /* WelcomeView.swift */; };
		FE6CB98423181AD600DC7809 /* SearchView+ViewModel.swift in Sources */ = {isa = PBXBuildFile; fileRef = FE6CB98323181AD600DC7809 /* SearchView+ViewModel.swift */; };
		FE85A36F230B2C6C00B91A5A /* SearchView.swift in Sources */ = {isa = PBXBuildFile; fileRef = FE85A36E230B2C6C00B91A5A /* SearchView.swift */; };
		FE85A371230D68A400B91A5A /* ArtDetailsView.swift in Sources */ = {isa = PBXBuildFile; fileRef = FE85A370230D68A400B91A5A /* ArtDetailsView.swift */; };
		FE85A373230D68F600B91A5A /* ArtDetailsViewController.swift in Sources */ = {isa = PBXBuildFile; fileRef = FE85A372230D68F600B91A5A /* ArtDetailsViewController.swift */; };
		FE85A375230D693C00B91A5A /* ArtDetailsAssembler.swift in Sources */ = {isa = PBXBuildFile; fileRef = FE85A374230D693C00B91A5A /* ArtDetailsAssembler.swift */; };
		FE85A377230D695800B91A5A /* ArtDetailsPresenter.swift in Sources */ = {isa = PBXBuildFile; fileRef = FE85A376230D695800B91A5A /* ArtDetailsPresenter.swift */; };
		FEA7FC2F2306FD610098664E /* UIView+AddSubviews.swift in Sources */ = {isa = PBXBuildFile; fileRef = FEA7FC2E2306FD610098664E /* UIView+AddSubviews.swift */; };
		FEA7FC31230724F10098664E /* UIColors+AppColors.swift in Sources */ = {isa = PBXBuildFile; fileRef = FEA7FC30230724F10098664E /* UIColors+AppColors.swift */; };
/* End PBXBuildFile section */

/* Begin PBXContainerItemProxy section */
		84A10E362306321D00A1BDF6 /* PBXContainerItemProxy */ = {
			isa = PBXContainerItemProxy;
			containerPortal = 84A10E192306321B00A1BDF6 /* Project object */;
			proxyType = 1;
			remoteGlobalIDString = 84A10E202306321B00A1BDF6;
			remoteInfo = the_artist_ios;
		};
		84A10E412306321D00A1BDF6 /* PBXContainerItemProxy */ = {
			isa = PBXContainerItemProxy;
			containerPortal = 84A10E192306321B00A1BDF6 /* Project object */;
			proxyType = 1;
			remoteGlobalIDString = 84A10E202306321B00A1BDF6;
			remoteInfo = the_artist_ios;
		};
/* End PBXContainerItemProxy section */

/* Begin PBXFileReference section */
		841C56502340E4EF000B6D0E /* ArtPaintingFilter.swift */ = {isa = PBXFileReference; lastKnownFileType = sourcecode.swift; path = ArtPaintingFilter.swift; sourceTree = "<group>"; };
		841C56522340E646000B6D0E /* ArtModel+AsNertorworkModel.swift */ = {isa = PBXFileReference; lastKnownFileType = sourcecode.swift; path = "ArtModel+AsNertorworkModel.swift"; sourceTree = "<group>"; };
		841C56562340F7D5000B6D0E /* ArtPaintingFilterSpecs.swift */ = {isa = PBXFileReference; lastKnownFileType = sourcecode.swift; path = ArtPaintingFilterSpecs.swift; sourceTree = "<group>"; };
		841C565823413295000B6D0E /* ViewConfigurable.swift */ = {isa = PBXFileReference; lastKnownFileType = sourcecode.swift; path = ViewConfigurable.swift; sourceTree = "<group>"; };
		8421FCA3232D5F2E00AD1FD6 /* ArtModelNetwork.swift */ = {isa = PBXFileReference; lastKnownFileType = sourcecode.swift; path = ArtModelNetwork.swift; sourceTree = "<group>"; };
		84531144232558E1003B8236 /* RetrieveArtWebServiceMock.swift */ = {isa = PBXFileReference; lastKnownFileType = sourcecode.swift; path = RetrieveArtWebServiceMock.swift; sourceTree = "<group>"; };
		845311472325593B003B8236 /* ArtModel+Equatable.swift */ = {isa = PBXFileReference; lastKnownFileType = sourcecode.swift; path = "ArtModel+Equatable.swift"; sourceTree = "<group>"; };
		8453114923258AA2003B8236 /* ArtModel+EquatableSpecs.swift */ = {isa = PBXFileReference; lastKnownFileType = sourcecode.swift; path = "ArtModel+EquatableSpecs.swift"; sourceTree = "<group>"; };
		8453114B2326861E003B8236 /* ArtModelStubFactory.swift */ = {isa = PBXFileReference; lastKnownFileType = sourcecode.swift; path = ArtModelStubFactory.swift; sourceTree = "<group>"; };
		8486E16B230A218900155A83 /* SearchAssembler.swift */ = {isa = PBXFileReference; lastKnownFileType = sourcecode.swift; path = SearchAssembler.swift; sourceTree = "<group>"; };
		8486E16D230A220A00155A83 /* SearchViewController.swift */ = {isa = PBXFileReference; lastKnownFileType = sourcecode.swift; path = SearchViewController.swift; sourceTree = "<group>"; };
		8486E16F230A225500155A83 /* SearchRouter.swift */ = {isa = PBXFileReference; lastKnownFileType = sourcecode.swift; path = SearchRouter.swift; sourceTree = "<group>"; };
		8486E171230A22D200155A83 /* SearchPresenter.swift */ = {isa = PBXFileReference; lastKnownFileType = sourcecode.swift; path = SearchPresenter.swift; sourceTree = "<group>"; };
		8486E173230B639D00155A83 /* ViewOutput.swift */ = {isa = PBXFileReference; lastKnownFileType = sourcecode.swift; path = ViewOutput.swift; sourceTree = "<group>"; };
		8486E176230B6A8D00155A83 /* SearchHeaderCell.swift */ = {isa = PBXFileReference; lastKnownFileType = sourcecode.swift; path = SearchHeaderCell.swift; sourceTree = "<group>"; };
		8486E179230F55C400155A83 /* SearchResultCell+ViewModel.swift */ = {isa = PBXFileReference; lastKnownFileType = sourcecode.swift; path = "SearchResultCell+ViewModel.swift"; sourceTree = "<group>"; };
		8486E181230F582800155A83 /* FontsWorkAround.xib */ = {isa = PBXFileReference; fileEncoding = 4; lastKnownFileType = file.xib; path = FontsWorkAround.xib; sourceTree = "<group>"; };
		8486E1842311BFC000155A83 /* ArtDetailsView+ViewModel.swift */ = {isa = PBXFileReference; lastKnownFileType = sourcecode.swift; path = "ArtDetailsView+ViewModel.swift"; sourceTree = "<group>"; };
		8486E18623135A0100155A83 /* ArtSearchResultsModel.swift */ = {isa = PBXFileReference; lastKnownFileType = sourcecode.swift; path = ArtSearchResultsModel.swift; sourceTree = "<group>"; };
		84A10E212306321B00A1BDF6 /* the_artist_ios.app */ = {isa = PBXFileReference; explicitFileType = wrapper.application; includeInIndex = 0; path = the_artist_ios.app; sourceTree = BUILT_PRODUCTS_DIR; };
		84A10E242306321B00A1BDF6 /* AppDelegate.swift */ = {isa = PBXFileReference; lastKnownFileType = sourcecode.swift; path = AppDelegate.swift; sourceTree = "<group>"; };
		84A10E2B2306321D00A1BDF6 /* Assets.xcassets */ = {isa = PBXFileReference; lastKnownFileType = folder.assetcatalog; path = Assets.xcassets; sourceTree = "<group>"; };
		84A10E2E2306321D00A1BDF6 /* Base */ = {isa = PBXFileReference; lastKnownFileType = file.storyboard; name = Base; path = Base.lproj/LaunchScreen.storyboard; sourceTree = "<group>"; };
		84A10E302306321D00A1BDF6 /* Info.plist */ = {isa = PBXFileReference; lastKnownFileType = text.plist.xml; path = Info.plist; sourceTree = "<group>"; };
		84A10E352306321D00A1BDF6 /* the_artist_iosTests.xctest */ = {isa = PBXFileReference; explicitFileType = wrapper.cfbundle; includeInIndex = 0; path = the_artist_iosTests.xctest; sourceTree = BUILT_PRODUCTS_DIR; };
		84A10E392306321D00A1BDF6 /* the_artist_iosTests.swift */ = {isa = PBXFileReference; lastKnownFileType = sourcecode.swift; path = the_artist_iosTests.swift; sourceTree = "<group>"; };
		84A10E3B2306321D00A1BDF6 /* Info.plist */ = {isa = PBXFileReference; lastKnownFileType = text.plist.xml; path = Info.plist; sourceTree = "<group>"; };
		84A10E402306321D00A1BDF6 /* the_artist_iosUITests.xctest */ = {isa = PBXFileReference; explicitFileType = wrapper.cfbundle; includeInIndex = 0; path = the_artist_iosUITests.xctest; sourceTree = BUILT_PRODUCTS_DIR; };
		84A10E442306321D00A1BDF6 /* the_artist_iosUITests.swift */ = {isa = PBXFileReference; lastKnownFileType = sourcecode.swift; path = the_artist_iosUITests.swift; sourceTree = "<group>"; };
		84A10E462306321D00A1BDF6 /* Info.plist */ = {isa = PBXFileReference; lastKnownFileType = text.plist.xml; path = Info.plist; sourceTree = "<group>"; };
		84A10E542306375000A1BDF6 /* WelcomeAssembler.swift */ = {isa = PBXFileReference; lastKnownFileType = sourcecode.swift; path = WelcomeAssembler.swift; sourceTree = "<group>"; };
		84A10E562306390400A1BDF6 /* WelcomeRouter.swift */ = {isa = PBXFileReference; lastKnownFileType = sourcecode.swift; path = WelcomeRouter.swift; sourceTree = "<group>"; };
		84A10E582306393100A1BDF6 /* WelcomePresenter.swift */ = {isa = PBXFileReference; lastKnownFileType = sourcecode.swift; path = WelcomePresenter.swift; sourceTree = "<group>"; };
		84A10E5A230639B200A1BDF6 /* WelcomeViewController.swift */ = {isa = PBXFileReference; lastKnownFileType = sourcecode.swift; path = WelcomeViewController.swift; sourceTree = "<group>"; };
		84A6B267231DFF8F00A7F2BE /* ApplicationError.swift */ = {isa = PBXFileReference; lastKnownFileType = sourcecode.swift; path = ApplicationError.swift; sourceTree = "<group>"; };
		84A6B26C231E00A300A7F2BE /* RecoverArtUseCasesSpecs.swift */ = {isa = PBXFileReference; lastKnownFileType = sourcecode.swift; path = RecoverArtUseCasesSpecs.swift; sourceTree = "<group>"; };
		84A6B27A231E04B800A7F2BE /* Nimble.framework */ = {isa = PBXFileReference; lastKnownFileType = wrapper.framework; name = Nimble.framework; path = Carthage/Build/iOS/Nimble.framework; sourceTree = "<group>"; };
		84A6B27B231E04B800A7F2BE /* Kingfisher.framework */ = {isa = PBXFileReference; lastKnownFileType = wrapper.framework; name = Kingfisher.framework; path = Carthage/Build/iOS/Kingfisher.framework; sourceTree = "<group>"; };
		84A6B27C231E04B800A7F2BE /* Quick.framework */ = {isa = PBXFileReference; lastKnownFileType = wrapper.framework; name = Quick.framework; path = Carthage/Build/iOS/Quick.framework; sourceTree = "<group>"; };
		84A6B27D231E04B800A7F2BE /* Alamofire.framework */ = {isa = PBXFileReference; lastKnownFileType = wrapper.framework; name = Alamofire.framework; path = Carthage/Build/iOS/Alamofire.framework; sourceTree = "<group>"; };
		84BEA898232B27850047DB9A /* ArtSearchResultsModelNetwork.swift */ = {isa = PBXFileReference; lastKnownFileType = sourcecode.swift; path = ArtSearchResultsModelNetwork.swift; sourceTree = "<group>"; };
		FE336E5A231412C1001A5482 /* RecoverArtUseCases.swift */ = {isa = PBXFileReference; lastKnownFileType = sourcecode.swift; path = RecoverArtUseCases.swift; sourceTree = "<group>"; };
		FE356E8F230EC64C00FA5392 /* SearchResultCell.swift */ = {isa = PBXFileReference; lastKnownFileType = sourcecode.swift; path = SearchResultCell.swift; sourceTree = "<group>"; };
		FE356E9223102A3000FA5392 /* ReusableIdentifier.swift */ = {isa = PBXFileReference; lastKnownFileType = sourcecode.swift; path = ReusableIdentifier.swift; sourceTree = "<group>"; };
		FE356E9523102AAD00FA5392 /* UITextField+SetSidePaddingPoints.swift */ = {isa = PBXFileReference; lastKnownFileType = sourcecode.swift; path = "UITextField+SetSidePaddingPoints.swift"; sourceTree = "<group>"; };
		FE356E98231041A300FA5392 /* ArtModel.swift */ = {isa = PBXFileReference; lastKnownFileType = sourcecode.swift; path = ArtModel.swift; sourceTree = "<group>"; };
		FE356E9E2310611D00FA5392 /* Request.swift */ = {isa = PBXFileReference; fileEncoding = 4; lastKnownFileType = sourcecode.swift; path = Request.swift; sourceTree = "<group>"; };
		FE356EA0231066E400FA5392 /* RequestBuilder.swift */ = {isa = PBXFileReference; fileEncoding = 4; lastKnownFileType = sourcecode.swift; path = RequestBuilder.swift; sourceTree = "<group>"; };
		FE356EA32310673800FA5392 /* APIActionable.swift */ = {isa = PBXFileReference; fileEncoding = 4; lastKnownFileType = sourcecode.swift; path = APIActionable.swift; sourceTree = "<group>"; };
		FE356EA52310675800FA5392 /* APIConfiguration.swift */ = {isa = PBXFileReference; fileEncoding = 4; lastKnownFileType = sourcecode.swift; path = APIConfiguration.swift; sourceTree = "<group>"; };
		FE356EA72310676B00FA5392 /* SearchWebService.swift */ = {isa = PBXFileReference; fileEncoding = 4; lastKnownFileType = sourcecode.swift; path = SearchWebService.swift; sourceTree = "<group>"; };
		FE356EA92310677300FA5392 /* RequestExecuter.swift */ = {isa = PBXFileReference; fileEncoding = 4; lastKnownFileType = sourcecode.swift; path = RequestExecuter.swift; sourceTree = "<group>"; };
		FE356EAB23106AB800FA5392 /* WebServiceFactory.swift */ = {isa = PBXFileReference; lastKnownFileType = sourcecode.swift; path = WebServiceFactory.swift; sourceTree = "<group>"; };
		FE356EAE2310744700FA5392 /* RetrieveArtWebService.swift */ = {isa = PBXFileReference; lastKnownFileType = sourcecode.swift; path = RetrieveArtWebService.swift; sourceTree = "<group>"; };
		FE356EB1231079BA00FA5392 /* AlamofireRequestExecuter.swift */ = {isa = PBXFileReference; lastKnownFileType = sourcecode.swift; path = AlamofireRequestExecuter.swift; sourceTree = "<group>"; };
		FE356EB5231084D500FA5392 /* SearchArtUseCases.swift */ = {isa = PBXFileReference; lastKnownFileType = sourcecode.swift; path = SearchArtUseCases.swift; sourceTree = "<group>"; };
		FE4F3E022306DB8B0064DE1A /* AppStartupRouter.swift */ = {isa = PBXFileReference; lastKnownFileType = sourcecode.swift; path = AppStartupRouter.swift; sourceTree = "<group>"; };
		FE4F3E042306E0FC0064DE1A /* WelcomeView.swift */ = {isa = PBXFileReference; lastKnownFileType = sourcecode.swift; path = WelcomeView.swift; sourceTree = "<group>"; };
		FE6CB98323181AD600DC7809 /* SearchView+ViewModel.swift */ = {isa = PBXFileReference; lastKnownFileType = sourcecode.swift; path = "SearchView+ViewModel.swift"; sourceTree = "<group>"; };
		FE85A36E230B2C6C00B91A5A /* SearchView.swift */ = {isa = PBXFileReference; lastKnownFileType = sourcecode.swift; path = SearchView.swift; sourceTree = "<group>"; };
		FE85A370230D68A400B91A5A /* ArtDetailsView.swift */ = {isa = PBXFileReference; lastKnownFileType = sourcecode.swift; name = ArtDetailsView.swift; path = the_artist_ios/Features/SearchModule/Search/ArtDetailsView.swift; sourceTree = SOURCE_ROOT; };
		FE85A372230D68F600B91A5A /* ArtDetailsViewController.swift */ = {isa = PBXFileReference; lastKnownFileType = sourcecode.swift; name = ArtDetailsViewController.swift; path = the_artist_ios/Features/SearchModule/Search/ArtDetailsViewController.swift; sourceTree = SOURCE_ROOT; };
		FE85A374230D693C00B91A5A /* ArtDetailsAssembler.swift */ = {isa = PBXFileReference; lastKnownFileType = sourcecode.swift; name = ArtDetailsAssembler.swift; path = the_artist_ios/Features/SearchModule/Search/ArtDetailsAssembler.swift; sourceTree = SOURCE_ROOT; };
		FE85A376230D695800B91A5A /* ArtDetailsPresenter.swift */ = {isa = PBXFileReference; lastKnownFileType = sourcecode.swift; name = ArtDetailsPresenter.swift; path = the_artist_ios/Features/SearchModule/Search/ArtDetailsPresenter.swift; sourceTree = SOURCE_ROOT; };
		FEA7FC222306ED760098664E /* SnapKit.framework */ = {isa = PBXFileReference; lastKnownFileType = wrapper.framework; name = SnapKit.framework; path = Carthage/Build/iOS/SnapKit.framework; sourceTree = "<group>"; };
		FEA7FC2A2306F3D50098664E /* OpenSans-Bold.ttf */ = {isa = PBXFileReference; lastKnownFileType = file; path = "OpenSans-Bold.ttf"; sourceTree = "<group>"; };
		FEA7FC2B2306F3D50098664E /* OpenSans-SemiBold.ttf */ = {isa = PBXFileReference; lastKnownFileType = file; path = "OpenSans-SemiBold.ttf"; sourceTree = "<group>"; };
		FEA7FC2C2306F3D50098664E /* OpenSans-Regular.ttf */ = {isa = PBXFileReference; lastKnownFileType = file; path = "OpenSans-Regular.ttf"; sourceTree = "<group>"; };
		FEA7FC2D2306F3D50098664E /* OpenSans-ExtraBold.ttf */ = {isa = PBXFileReference; lastKnownFileType = file; path = "OpenSans-ExtraBold.ttf"; sourceTree = "<group>"; };
		FEA7FC2E2306FD610098664E /* UIView+AddSubviews.swift */ = {isa = PBXFileReference; lastKnownFileType = sourcecode.swift; path = "UIView+AddSubviews.swift"; sourceTree = "<group>"; };
		FEA7FC30230724F10098664E /* UIColors+AppColors.swift */ = {isa = PBXFileReference; lastKnownFileType = sourcecode.swift; path = "UIColors+AppColors.swift"; sourceTree = "<group>"; };
/* End PBXFileReference section */

/* Begin PBXFrameworksBuildPhase section */
		84A10E1E2306321B00A1BDF6 /* Frameworks */ = {
			isa = PBXFrameworksBuildPhase;
			buildActionMask = 2147483647;
			files = (
			);
			runOnlyForDeploymentPostprocessing = 0;
		};
		84A10E322306321D00A1BDF6 /* Frameworks */ = {
			isa = PBXFrameworksBuildPhase;
			buildActionMask = 2147483647;
			files = (
			);
			runOnlyForDeploymentPostprocessing = 0;
		};
		84A10E3D2306321D00A1BDF6 /* Frameworks */ = {
			isa = PBXFrameworksBuildPhase;
			buildActionMask = 2147483647;
			files = (
			);
			runOnlyForDeploymentPostprocessing = 0;
		};
/* End PBXFrameworksBuildPhase section */

/* Begin PBXGroup section */
		841C564F2340E30C000B6D0E /* RecoverArtUseCases */ = {
			isa = PBXGroup;
			children = (
				FE336E5A231412C1001A5482 /* RecoverArtUseCases.swift */,
				841C56502340E4EF000B6D0E /* ArtPaintingFilter.swift */,
			);
			path = RecoverArtUseCases;
			sourceTree = "<group>";
		};
		841C56542340EF0F000B6D0E /* RecoverArtUseCases */ = {
			isa = PBXGroup;
			children = (
				841C56552340F76D000B6D0E /* Filters */,
				84A6B26C231E00A300A7F2BE /* RecoverArtUseCasesSpecs.swift */,
			);
			path = RecoverArtUseCases;
			sourceTree = "<group>";
		};
		841C56552340F76D000B6D0E /* Filters */ = {
			isa = PBXGroup;
			children = (
				841C56562340F7D5000B6D0E /* ArtPaintingFilterSpecs.swift */,
			);
			path = Filters;
			sourceTree = "<group>";
		};
		84531143232558D0003B8236 /* Util */ = {
			isa = PBXGroup;
			children = (
				841C56522340E646000B6D0E /* ArtModel+AsNertorworkModel.swift */,
				84531144232558E1003B8236 /* RetrieveArtWebServiceMock.swift */,
			);
			path = Util;
			sourceTree = "<group>";
		};
		8453114623255918003B8236 /* Extensions */ = {
			isa = PBXGroup;
			children = (
				845311472325593B003B8236 /* ArtModel+Equatable.swift */,
				8453114923258AA2003B8236 /* ArtModel+EquatableSpecs.swift */,
			);
			path = Extensions;
			sourceTree = "<group>";
		};
		8477453F231DFF5E00256D8A /* Errors */ = {
			isa = PBXGroup;
			children = (
				84A6B267231DFF8F00A7F2BE /* ApplicationError.swift */,
			);
			path = Errors;
			sourceTree = "<group>";
		};
		8486E175230B6A3F00155A83 /* Cells */ = {
			isa = PBXGroup;
			children = (
				8486E176230B6A8D00155A83 /* SearchHeaderCell.swift */,
				8486E178230F559800155A83 /* SearchResultCell */,
			);
			path = Cells;
			sourceTree = "<group>";
		};
		8486E178230F559800155A83 /* SearchResultCell */ = {
			isa = PBXGroup;
			children = (
				FE356E8F230EC64C00FA5392 /* SearchResultCell.swift */,
				8486E179230F55C400155A83 /* SearchResultCell+ViewModel.swift */,
			);
			path = SearchResultCell;
			sourceTree = "<group>";
		};
		8486E1832311BFA000155A83 /* ArtDetailsView */ = {
			isa = PBXGroup;
			children = (
				FE85A370230D68A400B91A5A /* ArtDetailsView.swift */,
				8486E1842311BFC000155A83 /* ArtDetailsView+ViewModel.swift */,
			);
			path = ArtDetailsView;
			sourceTree = "<group>";
		};
		84A10E182306321B00A1BDF6 = {
			isa = PBXGroup;
			children = (
				84A10E232306321B00A1BDF6 /* the_artist_ios */,
				84A10E382306321D00A1BDF6 /* the_artist_iosTests */,
				84A10E432306321D00A1BDF6 /* the_artist_iosUITests */,
				84A10E222306321B00A1BDF6 /* Products */,
				FEA7FC212306ECE10098664E /* Frameworks */,
			);
			sourceTree = "<group>";
		};
		84A10E222306321B00A1BDF6 /* Products */ = {
			isa = PBXGroup;
			children = (
				84A10E212306321B00A1BDF6 /* the_artist_ios.app */,
				84A10E352306321D00A1BDF6 /* the_artist_iosTests.xctest */,
				84A10E402306321D00A1BDF6 /* the_artist_iosUITests.xctest */,
			);
			name = Products;
			sourceTree = "<group>";
		};
		84A10E232306321B00A1BDF6 /* the_artist_ios */ = {
			isa = PBXGroup;
			children = (
				8477453F231DFF5E00256D8A /* Errors */,
				FE356E9A23105D9000FA5392 /* NetworkPlataform */,
				FE356E972310342E00FA5392 /* Domain */,
				FE356E9423102A8500FA5392 /* Extension */,
				FE356E91231029E800FA5392 /* Protocols */,
				FEA7FC282306F35A0098664E /* Fonts */,
				84A10E532306371E00A1BDF6 /* Features */,
				84A10E242306321B00A1BDF6 /* AppDelegate.swift */,
				84A10E2B2306321D00A1BDF6 /* Assets.xcassets */,
				84A10E2D2306321D00A1BDF6 /* LaunchScreen.storyboard */,
				84A10E302306321D00A1BDF6 /* Info.plist */,
				FE4F3E022306DB8B0064DE1A /* AppStartupRouter.swift */,
				FEA7FC2E2306FD610098664E /* UIView+AddSubviews.swift */,
				FEA7FC30230724F10098664E /* UIColors+AppColors.swift */,
			);
			path = the_artist_ios;
			sourceTree = "<group>";
		};
		84A10E382306321D00A1BDF6 /* the_artist_iosTests */ = {
			isa = PBXGroup;
			children = (
				84A6B269231DFFF400A7F2BE /* Domain */,
				84A10E392306321D00A1BDF6 /* the_artist_iosTests.swift */,
				84A10E3B2306321D00A1BDF6 /* Info.plist */,
			);
			path = the_artist_iosTests;
			sourceTree = "<group>";
		};
		84A10E432306321D00A1BDF6 /* the_artist_iosUITests */ = {
			isa = PBXGroup;
			children = (
				84A10E442306321D00A1BDF6 /* the_artist_iosUITests.swift */,
				84A10E462306321D00A1BDF6 /* Info.plist */,
			);
			path = the_artist_iosUITests;
			sourceTree = "<group>";
		};
		84A10E522306371200A1BDF6 /* WelcomeModule */ = {
			isa = PBXGroup;
			children = (
				84A10E542306375000A1BDF6 /* WelcomeAssembler.swift */,
				84A10E562306390400A1BDF6 /* WelcomeRouter.swift */,
				84A10E582306393100A1BDF6 /* WelcomePresenter.swift */,
				84A10E5A230639B200A1BDF6 /* WelcomeViewController.swift */,
				FE4F3E042306E0FC0064DE1A /* WelcomeView.swift */,
			);
			path = WelcomeModule;
			sourceTree = "<group>";
		};
		84A10E532306371E00A1BDF6 /* Features */ = {
			isa = PBXGroup;
			children = (
				84A10E522306371200A1BDF6 /* WelcomeModule */,
				84A10E5C23063A2700A1BDF6 /* SearchModule */,
			);
			path = Features;
			sourceTree = "<group>";
		};
		84A10E5C23063A2700A1BDF6 /* SearchModule */ = {
			isa = PBXGroup;
			children = (
				84A10E5D23063A3B00A1BDF6 /* Search */,
				84A10E5E23063A4600A1BDF6 /* Details */,
				841C565823413295000B6D0E /* ViewConfigurable.swift */,
			);
			path = SearchModule;
			sourceTree = "<group>";
		};
		84A10E5D23063A3B00A1BDF6 /* Search */ = {
			isa = PBXGroup;
			children = (
				FE6CB98223181AB400DC7809 /* SearchView */,
				8486E16B230A218900155A83 /* SearchAssembler.swift */,
				8486E16D230A220A00155A83 /* SearchViewController.swift */,
				8486E16F230A225500155A83 /* SearchRouter.swift */,
				8486E171230A22D200155A83 /* SearchPresenter.swift */,
			);
			path = Search;
			sourceTree = "<group>";
		};
		84A10E5E23063A4600A1BDF6 /* Details */ = {
			isa = PBXGroup;
			children = (
				8486E1832311BFA000155A83 /* ArtDetailsView */,
				FE85A374230D693C00B91A5A /* ArtDetailsAssembler.swift */,
				FE85A372230D68F600B91A5A /* ArtDetailsViewController.swift */,
				FE85A376230D695800B91A5A /* ArtDetailsPresenter.swift */,
			);
			path = Details;
			sourceTree = "<group>";
		};
		84A6B269231DFFF400A7F2BE /* Domain */ = {
			isa = PBXGroup;
			children = (
				8453114623255918003B8236 /* Extensions */,
				84A6B26A231E003300A7F2BE /* Models */,
				84A6B26B231E003F00A7F2BE /* UseCases */,
				8453114B2326861E003B8236 /* ArtModelStubFactory.swift */,
			);
			path = Domain;
			sourceTree = "<group>";
		};
		84A6B26A231E003300A7F2BE /* Models */ = {
			isa = PBXGroup;
			children = (
			);
			path = Models;
			sourceTree = "<group>";
		};
		84A6B26B231E003F00A7F2BE /* UseCases */ = {
			isa = PBXGroup;
			children = (
				841C56542340EF0F000B6D0E /* RecoverArtUseCases */,
				84531143232558D0003B8236 /* Util */,
			);
			path = UseCases;
			sourceTree = "<group>";
		};
		84BEA89A232B278C0047DB9A /* Models */ = {
			isa = PBXGroup;
			children = (
				84BEA898232B27850047DB9A /* ArtSearchResultsModelNetwork.swift */,
				8421FCA3232D5F2E00AD1FD6 /* ArtModelNetwork.swift */,
			);
			path = Models;
			sourceTree = "<group>";
		};
		FE356E91231029E800FA5392 /* Protocols */ = {
			isa = PBXGroup;
			children = (
				8486E173230B639D00155A83 /* ViewOutput.swift */,
				FE356E9223102A3000FA5392 /* ReusableIdentifier.swift */,
			);
			path = Protocols;
			sourceTree = "<group>";
		};
		FE356E9423102A8500FA5392 /* Extension */ = {
			isa = PBXGroup;
			children = (
				FE356E9523102AAD00FA5392 /* UITextField+SetSidePaddingPoints.swift */,
			);
			path = Extension;
			sourceTree = "<group>";
		};
		FE356E972310342E00FA5392 /* Domain */ = {
			isa = PBXGroup;
			children = (
				FE356EB4231084C300FA5392 /* Models */,
				FE356EB3231084B600FA5392 /* UseCases */,
			);
			path = Domain;
			sourceTree = "<group>";
		};
		FE356E9A23105D9000FA5392 /* NetworkPlataform */ = {
			isa = PBXGroup;
			children = (
				84BEA89A232B278C0047DB9A /* Models */,
				FE356EAD2310743700FA5392 /* WebServices */,
				FE356EA52310675800FA5392 /* APIConfiguration.swift */,
				FE356EA22310672700FA5392 /* APIAction */,
				FE356E9B23105E2B00FA5392 /* Request */,
			);
			path = NetworkPlataform;
			sourceTree = "<group>";
		};
		FE356E9B23105E2B00FA5392 /* Request */ = {
			isa = PBXGroup;
			children = (
				FE356EB02310799F00FA5392 /* RequestExecuter */,
				FE356E9E2310611D00FA5392 /* Request.swift */,
				FE356EA0231066E400FA5392 /* RequestBuilder.swift */,
			);
			path = Request;
			sourceTree = "<group>";
		};
		FE356EA22310672700FA5392 /* APIAction */ = {
			isa = PBXGroup;
			children = (
				FE356EA32310673800FA5392 /* APIActionable.swift */,
			);
			path = APIAction;
			sourceTree = "<group>";
		};
		FE356EAD2310743700FA5392 /* WebServices */ = {
			isa = PBXGroup;
			children = (
				FE356EAB23106AB800FA5392 /* WebServiceFactory.swift */,
				FE356EA72310676B00FA5392 /* SearchWebService.swift */,
				FE356EAE2310744700FA5392 /* RetrieveArtWebService.swift */,
			);
			path = WebServices;
			sourceTree = "<group>";
		};
		FE356EB02310799F00FA5392 /* RequestExecuter */ = {
			isa = PBXGroup;
			children = (
				FE356EA92310677300FA5392 /* RequestExecuter.swift */,
				FE356EB1231079BA00FA5392 /* AlamofireRequestExecuter.swift */,
			);
			path = RequestExecuter;
			sourceTree = "<group>";
		};
		FE356EB3231084B600FA5392 /* UseCases */ = {
			isa = PBXGroup;
			children = (
				FE356EB5231084D500FA5392 /* SearchArtUseCases.swift */,
				841C564F2340E30C000B6D0E /* RecoverArtUseCases */,
			);
			path = UseCases;
			sourceTree = "<group>";
		};
		FE356EB4231084C300FA5392 /* Models */ = {
			isa = PBXGroup;
			children = (
				FE356E98231041A300FA5392 /* ArtModel.swift */,
				8486E18623135A0100155A83 /* ArtSearchResultsModel.swift */,
			);
			path = Models;
			sourceTree = "<group>";
		};
		FE6CB98223181AB400DC7809 /* SearchView */ = {
			isa = PBXGroup;
			children = (
				8486E175230B6A3F00155A83 /* Cells */,
				FE85A36E230B2C6C00B91A5A /* SearchView.swift */,
				FE6CB98323181AD600DC7809 /* SearchView+ViewModel.swift */,
			);
			path = SearchView;
			sourceTree = "<group>";
		};
		FEA7FC212306ECE10098664E /* Frameworks */ = {
			isa = PBXGroup;
			children = (
				84A6B27D231E04B800A7F2BE /* Alamofire.framework */,
				84A6B27B231E04B800A7F2BE /* Kingfisher.framework */,
				84A6B27A231E04B800A7F2BE /* Nimble.framework */,
				84A6B27C231E04B800A7F2BE /* Quick.framework */,
				FEA7FC222306ED760098664E /* SnapKit.framework */,
			);
			name = Frameworks;
			sourceTree = "<group>";
		};
		FEA7FC282306F35A0098664E /* Fonts */ = {
			isa = PBXGroup;
			children = (
				8486E181230F582800155A83 /* FontsWorkAround.xib */,
				FEA7FC292306F3B00098664E /* OpenSans */,
			);
			path = Fonts;
			sourceTree = "<group>";
		};
		FEA7FC292306F3B00098664E /* OpenSans */ = {
			isa = PBXGroup;
			children = (
				FEA7FC2A2306F3D50098664E /* OpenSans-Bold.ttf */,
				FEA7FC2D2306F3D50098664E /* OpenSans-ExtraBold.ttf */,
				FEA7FC2C2306F3D50098664E /* OpenSans-Regular.ttf */,
				FEA7FC2B2306F3D50098664E /* OpenSans-SemiBold.ttf */,
			);
			path = OpenSans;
			sourceTree = "<group>";
		};
/* End PBXGroup section */

/* Begin PBXNativeTarget section */
		84A10E202306321B00A1BDF6 /* the_artist_ios */ = {
			isa = PBXNativeTarget;
			buildConfigurationList = 84A10E492306321D00A1BDF6 /* Build configuration list for PBXNativeTarget "the_artist_ios" */;
			buildPhases = (
				84A10E1D2306321B00A1BDF6 /* Sources */,
				84A10E1E2306321B00A1BDF6 /* Frameworks */,
				84A10E1F2306321B00A1BDF6 /* Resources */,
				FEA7FC272306EDB30098664E /* ShellScript */,
			);
			buildRules = (
			);
			dependencies = (
			);
			name = the_artist_ios;
			productName = the_artist_ios;
			productReference = 84A10E212306321B00A1BDF6 /* the_artist_ios.app */;
			productType = "com.apple.product-type.application";
		};
		84A10E342306321D00A1BDF6 /* the_artist_iosTests */ = {
			isa = PBXNativeTarget;
			buildConfigurationList = 84A10E4C2306321D00A1BDF6 /* Build configuration list for PBXNativeTarget "the_artist_iosTests" */;
			buildPhases = (
				84A10E312306321D00A1BDF6 /* Sources */,
				84A10E322306321D00A1BDF6 /* Frameworks */,
				84A10E332306321D00A1BDF6 /* Resources */,
			);
			buildRules = (
			);
			dependencies = (
				84A10E372306321D00A1BDF6 /* PBXTargetDependency */,
			);
			name = the_artist_iosTests;
			productName = the_artist_iosTests;
			productReference = 84A10E352306321D00A1BDF6 /* the_artist_iosTests.xctest */;
			productType = "com.apple.product-type.bundle.unit-test";
		};
		84A10E3F2306321D00A1BDF6 /* the_artist_iosUITests */ = {
			isa = PBXNativeTarget;
			buildConfigurationList = 84A10E4F2306321D00A1BDF6 /* Build configuration list for PBXNativeTarget "the_artist_iosUITests" */;
			buildPhases = (
				84A10E3C2306321D00A1BDF6 /* Sources */,
				84A10E3D2306321D00A1BDF6 /* Frameworks */,
				84A10E3E2306321D00A1BDF6 /* Resources */,
			);
			buildRules = (
			);
			dependencies = (
				84A10E422306321D00A1BDF6 /* PBXTargetDependency */,
			);
			name = the_artist_iosUITests;
			productName = the_artist_iosUITests;
			productReference = 84A10E402306321D00A1BDF6 /* the_artist_iosUITests.xctest */;
			productType = "com.apple.product-type.bundle.ui-testing";
		};
/* End PBXNativeTarget section */

/* Begin PBXProject section */
		84A10E192306321B00A1BDF6 /* Project object */ = {
			isa = PBXProject;
			attributes = {
				LastSwiftUpdateCheck = 1030;
				LastUpgradeCheck = 1030;
				ORGANIZATIONNAME = rov;
				TargetAttributes = {
					84A10E202306321B00A1BDF6 = {
						CreatedOnToolsVersion = 10.3;
					};
					84A10E342306321D00A1BDF6 = {
						CreatedOnToolsVersion = 10.3;
						TestTargetID = 84A10E202306321B00A1BDF6;
					};
					84A10E3F2306321D00A1BDF6 = {
						CreatedOnToolsVersion = 10.3;
						TestTargetID = 84A10E202306321B00A1BDF6;
					};
				};
			};
			buildConfigurationList = 84A10E1C2306321B00A1BDF6 /* Build configuration list for PBXProject "the_artist_ios" */;
			compatibilityVersion = "Xcode 9.3";
			developmentRegion = en;
			hasScannedForEncodings = 0;
			knownRegions = (
				en,
				Base,
			);
			mainGroup = 84A10E182306321B00A1BDF6;
			productRefGroup = 84A10E222306321B00A1BDF6 /* Products */;
			projectDirPath = "";
			projectRoot = "";
			targets = (
				84A10E202306321B00A1BDF6 /* the_artist_ios */,
				84A10E342306321D00A1BDF6 /* the_artist_iosTests */,
				84A10E3F2306321D00A1BDF6 /* the_artist_iosUITests */,
			);
		};
/* End PBXProject section */

/* Begin PBXResourcesBuildPhase section */
		84A10E1F2306321B00A1BDF6 /* Resources */ = {
			isa = PBXResourcesBuildPhase;
			buildActionMask = 2147483647;
			files = (
				84A10E2F2306321D00A1BDF6 /* LaunchScreen.storyboard in Resources */,
				84A10E2C2306321D00A1BDF6 /* Assets.xcassets in Resources */,
				8486E180230F57EC00155A83 /* OpenSans-SemiBold.ttf in Resources */,
				8486E17D230F57E500155A83 /* OpenSans-Bold.ttf in Resources */,
				8486E182230F582800155A83 /* FontsWorkAround.xib in Resources */,
				8486E17F230F57EA00155A83 /* OpenSans-Regular.ttf in Resources */,
				8486E17E230F57E700155A83 /* OpenSans-ExtraBold.ttf in Resources */,
			);
			runOnlyForDeploymentPostprocessing = 0;
		};
		84A10E332306321D00A1BDF6 /* Resources */ = {
			isa = PBXResourcesBuildPhase;
			buildActionMask = 2147483647;
			files = (
			);
			runOnlyForDeploymentPostprocessing = 0;
		};
		84A10E3E2306321D00A1BDF6 /* Resources */ = {
			isa = PBXResourcesBuildPhase;
			buildActionMask = 2147483647;
			files = (
			);
			runOnlyForDeploymentPostprocessing = 0;
		};
/* End PBXResourcesBuildPhase section */

/* Begin PBXShellScriptBuildPhase section */
		FEA7FC272306EDB30098664E /* ShellScript */ = {
			isa = PBXShellScriptBuildPhase;
			buildActionMask = 2147483647;
			files = (
			);
			inputFileListPaths = (
			);
			inputPaths = (
				"$(SRCROOT)/Carthage/Build/iOS/SnapKit.framework",
				"$(SRCROOT)/Carthage/Build/iOS/Alamofire.framework",
				"$(SRCROOT)/Carthage/Build/iOS/Quick.framework",
				"$(SRCROOT)/Carthage/Build/iOS/Nimble.framework",
				"$(SRCROOT)/Carthage/Build/iOS/Kingfisher.framework",
			);
			outputFileListPaths = (
			);
			outputPaths = (
				"$(BUILT_PRODUCTS_DIR)/$(FRAMEWORKS_FOLDER_PATH)/SnapKit.framework",
				"$(BUILT_PRODUCTS_DIR)/$(FRAMEWORKS_FOLDER_PATH)/Alamofire.framework",
				"$(BUILT_PRODUCTS_DIR)/$(FRAMEWORKS_FOLDER_PATH)/Quick.framework",
				"$(BUILT_PRODUCTS_DIR)/$(FRAMEWORKS_FOLDER_PATH)/Nimble.framework",
				"$(BUILT_PRODUCTS_DIR)/$(FRAMEWORKS_FOLDER_PATH)/Kingfisher.framework",
			);
			runOnlyForDeploymentPostprocessing = 0;
			shellPath = /bin/sh;
			shellScript = "# Type a script or drag a script file from your workspace to insert its path.\n/usr/local/bin/carthage copy-frameworks\n";
		};
/* End PBXShellScriptBuildPhase section */

/* Begin PBXSourcesBuildPhase section */
		84A10E1D2306321B00A1BDF6 /* Sources */ = {
			isa = PBXSourcesBuildPhase;
			buildActionMask = 2147483647;
			files = (
				8486E177230B6A8D00155A83 /* SearchHeaderCell.swift in Sources */,
				FE356E9F2310611D00FA5392 /* Request.swift in Sources */,
				FE356EAA2310677300FA5392 /* RequestExecuter.swift in Sources */,
				FE356EA42310673800FA5392 /* APIActionable.swift in Sources */,
				FE356EAC23106AB800FA5392 /* WebServiceFactory.swift in Sources */,
				FE85A371230D68A400B91A5A /* ArtDetailsView.swift in Sources */,
				FE356EA1231066E500FA5392 /* RequestBuilder.swift in Sources */,
				FE356E99231041A300FA5392 /* ArtModel.swift in Sources */,
				84BEA899232B27850047DB9A /* ArtSearchResultsModelNetwork.swift in Sources */,
				FE6CB98423181AD600DC7809 /* SearchView+ViewModel.swift in Sources */,
				8486E170230A225500155A83 /* SearchRouter.swift in Sources */,
				FE356EAF2310744700FA5392 /* RetrieveArtWebService.swift in Sources */,
				FEA7FC2F2306FD610098664E /* UIView+AddSubviews.swift in Sources */,
				8486E17A230F55C400155A83 /* SearchResultCell+ViewModel.swift in Sources */,
				FE336E5B231412C1001A5482 /* RecoverArtUseCases.swift in Sources */,
				8486E16E230A220A00155A83 /* SearchViewController.swift in Sources */,
				84A10E592306393100A1BDF6 /* WelcomePresenter.swift in Sources */,
				FE85A373230D68F600B91A5A /* ArtDetailsViewController.swift in Sources */,
				FE356E90230EC64C00FA5392 /* SearchResultCell.swift in Sources */,
				8486E1852311BFC000155A83 /* ArtDetailsView+ViewModel.swift in Sources */,
				841C56512340E4EF000B6D0E /* ArtPaintingFilter.swift in Sources */,
				841C565923413295000B6D0E /* ViewConfigurable.swift in Sources */,
				84A10E252306321B00A1BDF6 /* AppDelegate.swift in Sources */,
				84A10E5B230639B200A1BDF6 /* WelcomeViewController.swift in Sources */,
				8421FCA4232D5F2E00AD1FD6 /* ArtModelNetwork.swift in Sources */,
				FE356EA62310675800FA5392 /* APIConfiguration.swift in Sources */,
				8486E174230B639D00155A83 /* ViewOutput.swift in Sources */,
				FE85A375230D693C00B91A5A /* ArtDetailsAssembler.swift in Sources */,
				8486E16C230A218900155A83 /* SearchAssembler.swift in Sources */,
				FEA7FC31230724F10098664E /* UIColors+AppColors.swift in Sources */,
				FE356EA82310676B00FA5392 /* SearchWebService.swift in Sources */,
				84A10E552306375000A1BDF6 /* WelcomeAssembler.swift in Sources */,
				FE356E9623102AAD00FA5392 /* UITextField+SetSidePaddingPoints.swift in Sources */,
				8486E172230A22D200155A83 /* SearchPresenter.swift in Sources */,
				FE85A377230D695800B91A5A /* ArtDetailsPresenter.swift in Sources */,
				FE85A36F230B2C6C00B91A5A /* SearchView.swift in Sources */,
				FE356EB6231084D500FA5392 /* SearchArtUseCases.swift in Sources */,
				84A10E572306390400A1BDF6 /* WelcomeRouter.swift in Sources */,
				FE4F3E032306DB8B0064DE1A /* AppStartupRouter.swift in Sources */,
				FE356EB2231079BA00FA5392 /* AlamofireRequestExecuter.swift in Sources */,
				FE356E9323102A3000FA5392 /* ReusableIdentifier.swift in Sources */,
				FE4F3E052306E0FC0064DE1A /* WelcomeView.swift in Sources */,
				8486E18723135A0100155A83 /* ArtSearchResultsModel.swift in Sources */,
				84A6B268231DFF8F00A7F2BE /* ApplicationError.swift in Sources */,
			);
			runOnlyForDeploymentPostprocessing = 0;
		};
		84A10E312306321D00A1BDF6 /* Sources */ = {
			isa = PBXSourcesBuildPhase;
			buildActionMask = 2147483647;
			files = (
				84531145232558E1003B8236 /* RetrieveArtWebServiceMock.swift in Sources */,
				84A10E3A2306321D00A1BDF6 /* the_artist_iosTests.swift in Sources */,
				8453114C2326861E003B8236 /* ArtModelStubFactory.swift in Sources */,
				845311482325593C003B8236 /* ArtModel+Equatable.swift in Sources */,
				841C56572340F7D5000B6D0E /* ArtPaintingFilterSpecs.swift in Sources */,
				8453114A23258AA2003B8236 /* ArtModel+EquatableSpecs.swift in Sources */,
				84A6B26D231E00A300A7F2BE /* RecoverArtUseCasesSpecs.swift in Sources */,
				841C56532340E646000B6D0E /* ArtModel+AsNertorworkModel.swift in Sources */,
			);
			runOnlyForDeploymentPostprocessing = 0;
		};
		84A10E3C2306321D00A1BDF6 /* Sources */ = {
			isa = PBXSourcesBuildPhase;
			buildActionMask = 2147483647;
			files = (
				84A10E452306321D00A1BDF6 /* the_artist_iosUITests.swift in Sources */,
			);
			runOnlyForDeploymentPostprocessing = 0;
		};
/* End PBXSourcesBuildPhase section */

/* Begin PBXTargetDependency section */
		84A10E372306321D00A1BDF6 /* PBXTargetDependency */ = {
			isa = PBXTargetDependency;
			target = 84A10E202306321B00A1BDF6 /* the_artist_ios */;
			targetProxy = 84A10E362306321D00A1BDF6 /* PBXContainerItemProxy */;
		};
		84A10E422306321D00A1BDF6 /* PBXTargetDependency */ = {
			isa = PBXTargetDependency;
			target = 84A10E202306321B00A1BDF6 /* the_artist_ios */;
			targetProxy = 84A10E412306321D00A1BDF6 /* PBXContainerItemProxy */;
		};
/* End PBXTargetDependency section */

/* Begin PBXVariantGroup section */
		84A10E2D2306321D00A1BDF6 /* LaunchScreen.storyboard */ = {
			isa = PBXVariantGroup;
			children = (
				84A10E2E2306321D00A1BDF6 /* Base */,
			);
			name = LaunchScreen.storyboard;
			sourceTree = "<group>";
		};
/* End PBXVariantGroup section */

/* Begin XCBuildConfiguration section */
		84A10E472306321D00A1BDF6 /* Debug */ = {
			isa = XCBuildConfiguration;
			buildSettings = {
				ALWAYS_SEARCH_USER_PATHS = NO;
				CLANG_ANALYZER_NONNULL = YES;
				CLANG_ANALYZER_NUMBER_OBJECT_CONVERSION = YES_AGGRESSIVE;
				CLANG_CXX_LANGUAGE_STANDARD = "gnu++14";
				CLANG_CXX_LIBRARY = "libc++";
				CLANG_ENABLE_MODULES = YES;
				CLANG_ENABLE_OBJC_ARC = YES;
				CLANG_ENABLE_OBJC_WEAK = YES;
				CLANG_WARN_BLOCK_CAPTURE_AUTORELEASING = YES;
				CLANG_WARN_BOOL_CONVERSION = YES;
				CLANG_WARN_COMMA = YES;
				CLANG_WARN_CONSTANT_CONVERSION = YES;
				CLANG_WARN_DEPRECATED_OBJC_IMPLEMENTATIONS = YES;
				CLANG_WARN_DIRECT_OBJC_ISA_USAGE = YES_ERROR;
				CLANG_WARN_DOCUMENTATION_COMMENTS = YES;
				CLANG_WARN_EMPTY_BODY = YES;
				CLANG_WARN_ENUM_CONVERSION = YES;
				CLANG_WARN_INFINITE_RECURSION = YES;
				CLANG_WARN_INT_CONVERSION = YES;
				CLANG_WARN_NON_LITERAL_NULL_CONVERSION = YES;
				CLANG_WARN_OBJC_IMPLICIT_RETAIN_SELF = YES;
				CLANG_WARN_OBJC_LITERAL_CONVERSION = YES;
				CLANG_WARN_OBJC_ROOT_CLASS = YES_ERROR;
				CLANG_WARN_RANGE_LOOP_ANALYSIS = YES;
				CLANG_WARN_STRICT_PROTOTYPES = YES;
				CLANG_WARN_SUSPICIOUS_MOVE = YES;
				CLANG_WARN_UNGUARDED_AVAILABILITY = YES_AGGRESSIVE;
				CLANG_WARN_UNREACHABLE_CODE = YES;
				CLANG_WARN__DUPLICATE_METHOD_MATCH = YES;
				CODE_SIGN_IDENTITY = "iPhone Developer";
				COPY_PHASE_STRIP = NO;
				DEBUG_INFORMATION_FORMAT = dwarf;
				ENABLE_STRICT_OBJC_MSGSEND = YES;
				ENABLE_TESTABILITY = YES;
				GCC_C_LANGUAGE_STANDARD = gnu11;
				GCC_DYNAMIC_NO_PIC = NO;
				GCC_NO_COMMON_BLOCKS = YES;
				GCC_OPTIMIZATION_LEVEL = 0;
				GCC_PREPROCESSOR_DEFINITIONS = (
					"DEBUG=1",
					"$(inherited)",
				);
				GCC_WARN_64_TO_32_BIT_CONVERSION = YES;
				GCC_WARN_ABOUT_RETURN_TYPE = YES_ERROR;
				GCC_WARN_UNDECLARED_SELECTOR = YES;
				GCC_WARN_UNINITIALIZED_AUTOS = YES_AGGRESSIVE;
				GCC_WARN_UNUSED_FUNCTION = YES;
				GCC_WARN_UNUSED_VARIABLE = YES;
				IPHONEOS_DEPLOYMENT_TARGET = 12.4;
				MTL_ENABLE_DEBUG_INFO = INCLUDE_SOURCE;
				MTL_FAST_MATH = YES;
				ONLY_ACTIVE_ARCH = YES;
				SDKROOT = iphoneos;
				SWIFT_ACTIVE_COMPILATION_CONDITIONS = DEBUG;
				SWIFT_OPTIMIZATION_LEVEL = "-Onone";
			};
			name = Debug;
		};
		84A10E482306321D00A1BDF6 /* Release */ = {
			isa = XCBuildConfiguration;
			buildSettings = {
				ALWAYS_SEARCH_USER_PATHS = NO;
				CLANG_ANALYZER_NONNULL = YES;
				CLANG_ANALYZER_NUMBER_OBJECT_CONVERSION = YES_AGGRESSIVE;
				CLANG_CXX_LANGUAGE_STANDARD = "gnu++14";
				CLANG_CXX_LIBRARY = "libc++";
				CLANG_ENABLE_MODULES = YES;
				CLANG_ENABLE_OBJC_ARC = YES;
				CLANG_ENABLE_OBJC_WEAK = YES;
				CLANG_WARN_BLOCK_CAPTURE_AUTORELEASING = YES;
				CLANG_WARN_BOOL_CONVERSION = YES;
				CLANG_WARN_COMMA = YES;
				CLANG_WARN_CONSTANT_CONVERSION = YES;
				CLANG_WARN_DEPRECATED_OBJC_IMPLEMENTATIONS = YES;
				CLANG_WARN_DIRECT_OBJC_ISA_USAGE = YES_ERROR;
				CLANG_WARN_DOCUMENTATION_COMMENTS = YES;
				CLANG_WARN_EMPTY_BODY = YES;
				CLANG_WARN_ENUM_CONVERSION = YES;
				CLANG_WARN_INFINITE_RECURSION = YES;
				CLANG_WARN_INT_CONVERSION = YES;
				CLANG_WARN_NON_LITERAL_NULL_CONVERSION = YES;
				CLANG_WARN_OBJC_IMPLICIT_RETAIN_SELF = YES;
				CLANG_WARN_OBJC_LITERAL_CONVERSION = YES;
				CLANG_WARN_OBJC_ROOT_CLASS = YES_ERROR;
				CLANG_WARN_RANGE_LOOP_ANALYSIS = YES;
				CLANG_WARN_STRICT_PROTOTYPES = YES;
				CLANG_WARN_SUSPICIOUS_MOVE = YES;
				CLANG_WARN_UNGUARDED_AVAILABILITY = YES_AGGRESSIVE;
				CLANG_WARN_UNREACHABLE_CODE = YES;
				CLANG_WARN__DUPLICATE_METHOD_MATCH = YES;
				CODE_SIGN_IDENTITY = "iPhone Developer";
				COPY_PHASE_STRIP = NO;
				DEBUG_INFORMATION_FORMAT = "dwarf-with-dsym";
				ENABLE_NS_ASSERTIONS = NO;
				ENABLE_STRICT_OBJC_MSGSEND = YES;
				GCC_C_LANGUAGE_STANDARD = gnu11;
				GCC_NO_COMMON_BLOCKS = YES;
				GCC_WARN_64_TO_32_BIT_CONVERSION = YES;
				GCC_WARN_ABOUT_RETURN_TYPE = YES_ERROR;
				GCC_WARN_UNDECLARED_SELECTOR = YES;
				GCC_WARN_UNINITIALIZED_AUTOS = YES_AGGRESSIVE;
				GCC_WARN_UNUSED_FUNCTION = YES;
				GCC_WARN_UNUSED_VARIABLE = YES;
				IPHONEOS_DEPLOYMENT_TARGET = 12.4;
				MTL_ENABLE_DEBUG_INFO = NO;
				MTL_FAST_MATH = YES;
				SDKROOT = iphoneos;
				SWIFT_COMPILATION_MODE = wholemodule;
				SWIFT_OPTIMIZATION_LEVEL = "-O";
				VALIDATE_PRODUCT = YES;
			};
			name = Release;
		};
		84A10E4A2306321D00A1BDF6 /* Debug */ = {
			isa = XCBuildConfiguration;
			buildSettings = {
				ASSETCATALOG_COMPILER_APPICON_NAME = AppIcon;
				CODE_SIGN_STYLE = Automatic;
				FRAMEWORK_SEARCH_PATHS = (
					"$(inherited)",
					"$(PROJECT_DIR)/Carthage/Build/iOS",
				);
				INFOPLIST_FILE = the_artist_ios/Info.plist;
				IPHONEOS_DEPLOYMENT_TARGET = 13.0;
				LD_RUNPATH_SEARCH_PATHS = (
					"$(inherited)",
					"@executable_path/Frameworks",
				);
				PRODUCT_BUNDLE_IDENTIFIER = "rov.the-artist-ios";
				PRODUCT_NAME = "$(TARGET_NAME)";
				SWIFT_VERSION = 5.0;
				TARGETED_DEVICE_FAMILY = "1,2";
			};
			name = Debug;
		};
		84A10E4B2306321D00A1BDF6 /* Release */ = {
			isa = XCBuildConfiguration;
			buildSettings = {
				ASSETCATALOG_COMPILER_APPICON_NAME = AppIcon;
				CODE_SIGN_STYLE = Automatic;
				FRAMEWORK_SEARCH_PATHS = (
					"$(inherited)",
					"$(PROJECT_DIR)/Carthage/Build/iOS",
				);
				INFOPLIST_FILE = the_artist_ios/Info.plist;
				IPHONEOS_DEPLOYMENT_TARGET = 13.0;
				LD_RUNPATH_SEARCH_PATHS = (
					"$(inherited)",
					"@executable_path/Frameworks",
				);
				PRODUCT_BUNDLE_IDENTIFIER = "rov.the-artist-ios";
				PRODUCT_NAME = "$(TARGET_NAME)";
				SWIFT_VERSION = 5.0;
				TARGETED_DEVICE_FAMILY = "1,2";
			};
			name = Release;
		};
		84A10E4D2306321D00A1BDF6 /* Debug */ = {
			isa = XCBuildConfiguration;
			buildSettings = {
				ALWAYS_EMBED_SWIFT_STANDARD_LIBRARIES = YES;
				BUNDLE_LOADER = "$(TEST_HOST)";
				CODE_SIGN_STYLE = Automatic;
				FRAMEWORK_SEARCH_PATHS = (
					"$(inherited)",
					"$(PROJECT_DIR)/Carthage/Build/iOS",
				);
				INFOPLIST_FILE = the_artist_iosTests/Info.plist;
				LD_RUNPATH_SEARCH_PATHS = (
					"$(inherited)",
					"@executable_path/Frameworks",
					"@loader_path/Frameworks",
				);
				PRODUCT_BUNDLE_IDENTIFIER = "rov.the-artist-iosTests";
				PRODUCT_NAME = "$(TARGET_NAME)";
				SWIFT_VERSION = 5.0;
				TARGETED_DEVICE_FAMILY = "1,2";
				TEST_HOST = "$(BUILT_PRODUCTS_DIR)/the_artist_ios.app/the_artist_ios";
			};
			name = Debug;
		};
		84A10E4E2306321D00A1BDF6 /* Release */ = {
			isa = XCBuildConfiguration;
			buildSettings = {
				ALWAYS_EMBED_SWIFT_STANDARD_LIBRARIES = YES;
				BUNDLE_LOADER = "$(TEST_HOST)";
				CODE_SIGN_STYLE = Automatic;
				FRAMEWORK_SEARCH_PATHS = (
					"$(inherited)",
					"$(PROJECT_DIR)/Carthage/Build/iOS",
				);
				INFOPLIST_FILE = the_artist_iosTests/Info.plist;
				LD_RUNPATH_SEARCH_PATHS = (
					"$(inherited)",
					"@executable_path/Frameworks",
					"@loader_path/Frameworks",
				);
				PRODUCT_BUNDLE_IDENTIFIER = "rov.the-artist-iosTests";
				PRODUCT_NAME = "$(TARGET_NAME)";
				SWIFT_VERSION = 5.0;
				TARGETED_DEVICE_FAMILY = "1,2";
				TEST_HOST = "$(BUILT_PRODUCTS_DIR)/the_artist_ios.app/the_artist_ios";
			};
			name = Release;
		};
		84A10E502306321D00A1BDF6 /* Debug */ = {
			isa = XCBuildConfiguration;
			buildSettings = {
				ALWAYS_EMBED_SWIFT_STANDARD_LIBRARIES = YES;
				CODE_SIGN_STYLE = Automatic;
				INFOPLIST_FILE = the_artist_iosUITests/Info.plist;
				LD_RUNPATH_SEARCH_PATHS = (
					"$(inherited)",
					"@executable_path/Frameworks",
					"@loader_path/Frameworks",
				);
				PRODUCT_BUNDLE_IDENTIFIER = "rov.the-artist-iosUITests";
				PRODUCT_NAME = "$(TARGET_NAME)";
				SWIFT_VERSION = 5.0;
				TARGETED_DEVICE_FAMILY = "1,2";
				TEST_TARGET_NAME = the_artist_ios;
			};
			name = Debug;
		};
		84A10E512306321D00A1BDF6 /* Release */ = {
			isa = XCBuildConfiguration;
			buildSettings = {
				ALWAYS_EMBED_SWIFT_STANDARD_LIBRARIES = YES;
				CODE_SIGN_STYLE = Automatic;
				INFOPLIST_FILE = the_artist_iosUITests/Info.plist;
				LD_RUNPATH_SEARCH_PATHS = (
					"$(inherited)",
					"@executable_path/Frameworks",
					"@loader_path/Frameworks",
				);
				PRODUCT_BUNDLE_IDENTIFIER = "rov.the-artist-iosUITests";
				PRODUCT_NAME = "$(TARGET_NAME)";
				SWIFT_VERSION = 5.0;
				TARGETED_DEVICE_FAMILY = "1,2";
				TEST_TARGET_NAME = the_artist_ios;
			};
			name = Release;
		};
/* End XCBuildConfiguration section */

/* Begin XCConfigurationList section */
		84A10E1C2306321B00A1BDF6 /* Build configuration list for PBXProject "the_artist_ios" */ = {
			isa = XCConfigurationList;
			buildConfigurations = (
				84A10E472306321D00A1BDF6 /* Debug */,
				84A10E482306321D00A1BDF6 /* Release */,
			);
			defaultConfigurationIsVisible = 0;
			defaultConfigurationName = Release;
		};
		84A10E492306321D00A1BDF6 /* Build configuration list for PBXNativeTarget "the_artist_ios" */ = {
			isa = XCConfigurationList;
			buildConfigurations = (
				84A10E4A2306321D00A1BDF6 /* Debug */,
				84A10E4B2306321D00A1BDF6 /* Release */,
			);
			defaultConfigurationIsVisible = 0;
			defaultConfigurationName = Release;
		};
		84A10E4C2306321D00A1BDF6 /* Build configuration list for PBXNativeTarget "the_artist_iosTests" */ = {
			isa = XCConfigurationList;
			buildConfigurations = (
				84A10E4D2306321D00A1BDF6 /* Debug */,
				84A10E4E2306321D00A1BDF6 /* Release */,
			);
			defaultConfigurationIsVisible = 0;
			defaultConfigurationName = Release;
		};
		84A10E4F2306321D00A1BDF6 /* Build configuration list for PBXNativeTarget "the_artist_iosUITests" */ = {
			isa = XCConfigurationList;
			buildConfigurations = (
				84A10E502306321D00A1BDF6 /* Debug */,
				84A10E512306321D00A1BDF6 /* Release */,
			);
			defaultConfigurationIsVisible = 0;
			defaultConfigurationName = Release;
		};
/* End XCConfigurationList section */
	};
	rootObject = 84A10E192306321B00A1BDF6 /* Project object */;
}
